// !$*UTF8*$!
{
	archiveVersion = 1;
	classes = {
	};
	objectVersion = 50;
	objects = {

/* Begin PBXBuildFile section */
		5107A53D247397C700F26E5E /* AppDelegate.swift in Sources */ = {isa = PBXBuildFile; fileRef = 5107A53C247397C700F26E5E /* AppDelegate.swift */; };
		5107A53F247397C700F26E5E /* SceneDelegate.swift in Sources */ = {isa = PBXBuildFile; fileRef = 5107A53E247397C700F26E5E /* SceneDelegate.swift */; };
		5107A541247397C700F26E5E /* ViewController.swift in Sources */ = {isa = PBXBuildFile; fileRef = 5107A540247397C700F26E5E /* ViewController.swift */; };
		5107A544247397C700F26E5E /* Main.storyboard in Resources */ = {isa = PBXBuildFile; fileRef = 5107A542247397C700F26E5E /* Main.storyboard */; };
		5107A546247397C900F26E5E /* Assets.xcassets in Resources */ = {isa = PBXBuildFile; fileRef = 5107A545247397C900F26E5E /* Assets.xcassets */; };
		5107A549247397C900F26E5E /* LaunchScreen.storyboard in Resources */ = {isa = PBXBuildFile; fileRef = 5107A547247397C900F26E5E /* LaunchScreen.storyboard */; };
		5107A5512473A23C00F26E5E /* Model.swift in Sources */ = {isa = PBXBuildFile; fileRef = 5107A5502473A23C00F26E5E /* Model.swift */; };
/* End PBXBuildFile section */

/* Begin PBXFileReference section */
		5107A539247397C700F26E5E /* Abrams_Lost_My_Phone.app */ = {isa = PBXFileReference; explicitFileType = wrapper.application; includeInIndex = 0; path = Abrams_Lost_My_Phone.app; sourceTree = BUILT_PRODUCTS_DIR; };
		5107A53C247397C700F26E5E /* AppDelegate.swift */ = {isa = PBXFileReference; lastKnownFileType = sourcecode.swift; path = AppDelegate.swift; sourceTree = "<group>"; };
		5107A53E247397C700F26E5E /* SceneDelegate.swift */ = {isa = PBXFileReference; lastKnownFileType = sourcecode.swift; path = SceneDelegate.swift; sourceTree = "<group>"; };
		5107A540247397C700F26E5E /* ViewController.swift */ = {isa = PBXFileReference; lastKnownFileType = sourcecode.swift; path = ViewController.swift; sourceTree = "<group>"; };
		5107A543247397C700F26E5E /* Base */ = {isa = PBXFileReference; lastKnownFileType = file.storyboard; name = Base; path = Base.lproj/Main.storyboard; sourceTree = "<group>"; };
		5107A545247397C900F26E5E /* Assets.xcassets */ = {isa = PBXFileReference; lastKnownFileType = folder.assetcatalog; path = Assets.xcassets; sourceTree = "<group>"; };
		5107A548247397C900F26E5E /* Base */ = {isa = PBXFileReference; lastKnownFileType = file.storyboard; name = Base; path = Base.lproj/LaunchScreen.storyboard; sourceTree = "<group>"; };
		5107A54A247397C900F26E5E /* Info.plist */ = {isa = PBXFileReference; lastKnownFileType = text.plist.xml; path = Info.plist; sourceTree = "<group>"; };
		5107A5502473A23C00F26E5E /* Model.swift */ = {isa = PBXFileReference; lastKnownFileType = sourcecode.swift; path = Model.swift; sourceTree = "<group>"; };
/* End PBXFileReference section */

/* Begin PBXFrameworksBuildPhase section */
		5107A536247397C700F26E5E /* Frameworks */ = {
			isa = PBXFrameworksBuildPhase;
			buildActionMask = 2147483647;
			files = (
			);
			runOnlyForDeploymentPostprocessing = 0;
		};
/* End PBXFrameworksBuildPhase section */

/* Begin PBXGroup section */
		5107A530247397C700F26E5E = {
			isa = PBXGroup;
			children = (
				5107A53B247397C700F26E5E /* Abrams_Lost_My_Phone */,
				5107A53A247397C700F26E5E /* Products */,
			);
			sourceTree = "<group>";
		};
		5107A53A247397C700F26E5E /* Products */ = {
			isa = PBXGroup;
			children = (
				5107A539247397C700F26E5E /* Abrams_Lost_My_Phone.app */,
			);
			name = Products;
			sourceTree = "<group>";
		};
		5107A53B247397C700F26E5E /* Abrams_Lost_My_Phone */ = {
			isa = PBXGroup;
			children = (
				5107A53C247397C700F26E5E /* AppDelegate.swift */,
				5107A53E247397C700F26E5E /* SceneDelegate.swift */,
				5107A540247397C700F26E5E /* ViewController.swift */,
				5107A542247397C700F26E5E /* Main.storyboard */,
				5107A5502473A23C00F26E5E /* Model.swift */,
				5107A545247397C900F26E5E /* Assets.xcassets */,
				5107A547247397C900F26E5E /* LaunchScreen.storyboard */,
				5107A54A247397C900F26E5E /* Info.plist */,
			);
			path = Abrams_Lost_My_Phone;
			sourceTree = "<group>";
		};
/* End PBXGroup section */

/* Begin PBXNativeTarget section */
		5107A538247397C700F26E5E /* Abrams_Lost_My_Phone */ = {
			isa = PBXNativeTarget;
			buildConfigurationList = 5107A54D247397C900F26E5E /* Build configuration list for PBXNativeTarget "Abrams_Lost_My_Phone" */;
			buildPhases = (
				5107A535247397C700F26E5E /* Sources */,
				5107A536247397C700F26E5E /* Frameworks */,
				5107A537247397C700F26E5E /* Resources */,
			);
			buildRules = (
			);
			dependencies = (
			);
			name = Abrams_Lost_My_Phone;
			productName = Abrams_Lost_My_Phone;
			productReference = 5107A539247397C700F26E5E /* Abrams_Lost_My_Phone.app */;
			productType = "com.apple.product-type.application";
		};
/* End PBXNativeTarget section */

/* Begin PBXProject section */
		5107A531247397C700F26E5E /* Project object */ = {
			isa = PBXProject;
			attributes = {
				LastSwiftUpdateCheck = 1140;
				LastUpgradeCheck = 1140;
				ORGANIZATIONNAME = "Abrams, Teriah C";
				TargetAttributes = {
					5107A538247397C700F26E5E = {
						CreatedOnToolsVersion = 11.4.1;
					};
				};
			};
			buildConfigurationList = 5107A534247397C700F26E5E /* Build configuration list for PBXProject "Abrams_Lost_My_Phone" */;
			compatibilityVersion = "Xcode 9.3";
			developmentRegion = en;
			hasScannedForEncodings = 0;
			knownRegions = (
				en,
				Base,
			);
			mainGroup = 5107A530247397C700F26E5E;
			productRefGroup = 5107A53A247397C700F26E5E /* Products */;
			projectDirPath = "";
			projectRoot = "";
			targets = (
				5107A538247397C700F26E5E /* Abrams_Lost_My_Phone */,
			);
		};
/* End PBXProject section */

/* Begin PBXResourcesBuildPhase section */
		5107A537247397C700F26E5E /* Resources */ = {
			isa = PBXResourcesBuildPhase;
			buildActionMask = 2147483647;
			files = (
				5107A549247397C900F26E5E /* LaunchScreen.storyboard in Resources */,
				5107A546247397C900F26E5E /* Assets.xcassets in Resources */,
				5107A544247397C700F26E5E /* Main.storyboard in Resources */,
			);
			runOnlyForDeploymentPostprocessing = 0;
		};
/* End PBXResourcesBuildPhase section */

/* Begin PBXSourcesBuildPhase section */
		5107A535247397C700F26E5E /* Sources */ = {
			isa = PBXSourcesBuildPhase;
			buildActionMask = 2147483647;
			files = (
				5107A541247397C700F26E5E /* ViewController.swift in Sources */,
				5107A53D247397C700F26E5E /* AppDelegate.swift in Sources */,
				5107A53F247397C700F26E5E /* SceneDelegate.swift in Sources */,
				5107A5512473A23C00F26E5E /* Model.swift in Sources */,
			);
			runOnlyForDeploymentPostprocessing = 0;
		};
/* End PBXSourcesBuildPhase section */

/* Begin PBXVariantGroup section */
		5107A542247397C700F26E5E /* Main.storyboard */ = {
			isa = PBXVariantGroup;
			children = (
				5107A543247397C700F26E5E /* Base */,
			);
			name = Main.storyboard;
			sourceTree = "<group>";
		};
		5107A547247397C900F26E5E /* LaunchScreen.storyboard */ = {
			isa = PBXVariantGroup;
			children = (
				5107A548247397C900F26E5E /* Base */,
			);
			name = LaunchScreen.storyboard;
			sourceTree = "<group>";
		};
/* End PBXVariantGroup section */

/* Begin XCBuildConfiguration section */
		5107A54B247397C900F26E5E /* Debug */ = {
			isa = XCBuildConfiguration;
			buildSettings = {
				ALWAYS_SEARCH_USER_PATHS = NO;
				CLANG_ANALYZER_NONNULL = YES;
				CLANG_ANALYZER_NUMBER_OBJECT_CONVERSION = YES_AGGRESSIVE;
				CLANG_CXX_LANGUAGE_STANDARD = "gnu++14";
				CLANG_CXX_LIBRARY = "libc++";
				CLANG_ENABLE_MODULES = YES;
				CLANG_ENABLE_OBJC_ARC = YES;
				CLANG_ENABLE_OBJC_WEAK = YES;
				CLANG_WARN_BLOCK_CAPTURE_AUTORELEASING = YES;
				CLANG_WARN_BOOL_CONVERSION = YES;
				CLANG_WARN_COMMA = YES;
				CLANG_WARN_CONSTANT_CONVERSION = YES;
				CLANG_WARN_DEPRECATED_OBJC_IMPLEMENTATIONS = YES;
				CLANG_WARN_DIRECT_OBJC_ISA_USAGE = YES_ERROR;
				CLANG_WARN_DOCUMENTATION_COMMENTS = YES;
				CLANG_WARN_EMPTY_BODY = YES;
				CLANG_WARN_ENUM_CONVERSION = YES;
				CLANG_WARN_INFINITE_RECURSION = YES;
				CLANG_WARN_INT_CONVERSION = YES;
				CLANG_WARN_NON_LITERAL_NULL_CONVERSION = YES;
				CLANG_WARN_OBJC_IMPLICIT_RETAIN_SELF = YES;
				CLANG_WARN_OBJC_LITERAL_CONVERSION = YES;
				CLANG_WARN_OBJC_ROOT_CLASS = YES_ERROR;
				CLANG_WARN_RANGE_LOOP_ANALYSIS = YES;
				CLANG_WARN_STRICT_PROTOTYPES = YES;
				CLANG_WARN_SUSPICIOUS_MOVE = YES;
				CLANG_WARN_UNGUARDED_AVAILABILITY = YES_AGGRESSIVE;
				CLANG_WARN_UNREACHABLE_CODE = YES;
				CLANG_WARN__DUPLICATE_METHOD_MATCH = YES;
				COPY_PHASE_STRIP = NO;
				DEBUG_INFORMATION_FORMAT = dwarf;
				ENABLE_STRICT_OBJC_MSGSEND = YES;
				ENABLE_TESTABILITY = YES;
				GCC_C_LANGUAGE_STANDARD = gnu11;
				GCC_DYNAMIC_NO_PIC = NO;
				GCC_NO_COMMON_BLOCKS = YES;
				GCC_OPTIMIZATION_LEVEL = 0;
				GCC_PREPROCESSOR_DEFINITIONS = (
					"DEBUG=1",
					"$(inherited)",
				);
				GCC_WARN_64_TO_32_BIT_CONVERSION = YES;
				GCC_WARN_ABOUT_RETURN_TYPE = YES_ERROR;
				GCC_WARN_UNDECLARED_SELECTOR = YES;
				GCC_WARN_UNINITIALIZED_AUTOS = YES_AGGRESSIVE;
				GCC_WARN_UNUSED_FUNCTION = YES;
				GCC_WARN_UNUSED_VARIABLE = YES;
				IPHONEOS_DEPLOYMENT_TARGET = 13.4;
				MTL_ENABLE_DEBUG_INFO = INCLUDE_SOURCE;
				MTL_FAST_MATH = YES;
				ONLY_ACTIVE_ARCH = YES;
				SDKROOT = iphoneos;
				SWIFT_ACTIVE_COMPILATION_CONDITIONS = DEBUG;
				SWIFT_OPTIMIZATION_LEVEL = "-Onone";
			};
			name = Debug;
		};
		5107A54C247397C900F26E5E /* Release */ = {
			isa = XCBuildConfiguration;
			buildSettings = {
				ALWAYS_SEARCH_USER_PATHS = NO;
				CLANG_ANALYZER_NONNULL = YES;
				CLANG_ANALYZER_NUMBER_OBJECT_CONVERSION = YES_AGGRESSIVE;
				CLANG_CXX_LANGUAGE_STANDARD = "gnu++14";
				CLANG_CXX_LIBRARY = "libc++";
				CLANG_ENABLE_MODULES = YES;
				CLANG_ENABLE_OBJC_ARC = YES;
				CLANG_ENABLE_OBJC_WEAK = YES;
				CLANG_WARN_BLOCK_CAPTURE_AUTORELEASING = YES;
				CLANG_WARN_BOOL_CONVERSION = YES;
				CLANG_WARN_COMMA = YES;
				CLANG_WARN_CONSTANT_CONVERSION = YES;
				CLANG_WARN_DEPRECATED_OBJC_IMPLEMENTATIONS = YES;
				CLANG_WARN_DIRECT_OBJC_ISA_USAGE = YES_ERROR;
				CLANG_WARN_DOCUMENTATION_COMMENTS = YES;
				CLANG_WARN_EMPTY_BODY = YES;
				CLANG_WARN_ENUM_CONVERSION = YES;
				CLANG_WARN_INFINITE_RECURSION = YES;
				CLANG_WARN_INT_CONVERSION = YES;
				CLANG_WARN_NON_LITERAL_NULL_CONVERSION = YES;
				CLANG_WARN_OBJC_IMPLICIT_RETAIN_SELF = YES;
				CLANG_WARN_OBJC_LITERAL_CONVERSION = YES;
				CLANG_WARN_OBJC_ROOT_CLASS = YES_ERROR;
				CLANG_WARN_RANGE_LOOP_ANALYSIS = YES;
				CLANG_WARN_STRICT_PROTOTYPES = YES;
				CLANG_WARN_SUSPICIOUS_MOVE = YES;
				CLANG_WARN_UNGUARDED_AVAILABILITY = YES_AGGRESSIVE;
				CLANG_WARN_UNREACHABLE_CODE = YES;
				CLANG_WARN__DUPLICATE_METHOD_MATCH = YES;
				COPY_PHASE_STRIP = NO;
				DEBUG_INFORMATION_FORMAT = "dwarf-with-dsym";
				ENABLE_NS_ASSERTIONS = NO;
				ENABLE_STRICT_OBJC_MSGSEND = YES;
				GCC_C_LANGUAGE_STANDARD = gnu11;
				GCC_NO_COMMON_BLOCKS = YES;
				GCC_WARN_64_TO_32_BIT_CONVERSION = YES;
				GCC_WARN_ABOUT_RETURN_TYPE = YES_ERROR;
				GCC_WARN_UNDECLARED_SELECTOR = YES;
				GCC_WARN_UNINITIALIZED_AUTOS = YES_AGGRESSIVE;
				GCC_WARN_UNUSED_FUNCTION = YES;
				GCC_WARN_UNUSED_VARIABLE = YES;
				IPHONEOS_DEPLOYMENT_TARGET = 13.4;
				MTL_ENABLE_DEBUG_INFO = NO;
				MTL_FAST_MATH = YES;
				SDKROOT = iphoneos;
				SWIFT_COMPILATION_MODE = wholemodule;
				SWIFT_OPTIMIZATION_LEVEL = "-O";
				VALIDATE_PRODUCT = YES;
			};
			name = Release;
		};
		5107A54E247397C900F26E5E /* Debug */ = {
			isa = XCBuildConfiguration;
			buildSettings = {
				ASSETCATALOG_COMPILER_APPICON_NAME = AppIcon;
				CODE_SIGN_STYLE = Automatic;
				INFOPLIST_FILE = Abrams_Lost_My_Phone/Info.plist;
				LD_RUNPATH_SEARCH_PATHS = (
					"$(inherited)",
					"@executable_path/Frameworks",
				);
				PRODUCT_BUNDLE_IDENTIFIER = "com.example.Abrams-Lost-My-Phone";
				PRODUCT_NAME = "$(TARGET_NAME)";
				SWIFT_VERSION = 5.0;
				TARGETED_DEVICE_FAMILY = "1,2";
			};
			name = Debug;
		};
		5107A54F247397C900F26E5E /* Release */ = {
			isa = XCBuildConfiguration;
			buildSettings = {
				ASSETCATALOG_COMPILER_APPICON_NAME = AppIcon;
				CODE_SIGN_STYLE = Automatic;
				INFOPLIST_FILE = Abrams_Lost_My_Phone/Info.plist;
				LD_RUNPATH_SEARCH_PATHS = (
					"$(inherited)",
					"@executable_path/Frameworks",
				);
				PRODUCT_BUNDLE_IDENTIFIER = "com.example.Abrams-Lost-My-Phone";
				PRODUCT_NAME = "$(TARGET_NAME)";
				SWIFT_VERSION = 5.0;
				TARGETED_DEVICE_FAMILY = "1,2";
			};
			name = Release;
		};
/* End XCBuildConfiguration section */

/* Begin XCConfigurationList section */
		5107A534247397C700F26E5E /* Build configuration list for PBXProject "Abrams_Lost_My_Phone" */ = {
			isa = XCConfigurationList;
			buildConfigurations = (
				5107A54B247397C900F26E5E /* Debug */,
				5107A54C247397C900F26E5E /* Release */,
			);
			defaultConfigurationIsVisible = 0;
			defaultConfigurationName = Release;
		};
		5107A54D247397C900F26E5E /* Build configuration list for PBXNativeTarget "Abrams_Lost_My_Phone" */ = {
			isa = XCConfigurationList;
			buildConfigurations = (
				5107A54E247397C900F26E5E /* Debug */,
				5107A54F247397C900F26E5E /* Release */,
			);
			defaultConfigurationIsVisible = 0;
			defaultConfigurationName = Release;
		};
/* End XCConfigurationList section */
	};
	rootObject = 5107A531247397C700F26E5E /* Project object */;
}
